
Microsoft Visual Studio Solution File, Format Version 12.00
# Visual Studio 15
VisualStudioVersion = 15.0.28010.2041
MinimumVisualStudioVersion = 10.0.40219.1
Project("{8BC9CEB8-8B4A-11D0-8D11-00A0C91BC942}") = "SDL-isometric", "SDL-isometric.vcxproj", "{4A9E3600-2FEA-4B70-ABFD-16416DB3CC8A}"
EndProject
Global
	GlobalSection(SolutionConfigurationPlatforms) = preSolution
		Debug|x64 = Debug|x64
		Debug|x86 = Debug|x86
		Release|x64 = Release|x64
		Release|x86 = Release|x86
	EndGlobalSection
	GlobalSection(ProjectConfigurationPlatforms) = postSolution
		{4A9E3600-2FEA-4B70-ABFD-16416DB3CC8A}.Debug|x64.ActiveCfg = Debug|x64
		{4A9E3600-2FEA-4B70-ABFD-16416DB3CC8A}.Debug|x64.Build.0 = Debug|x64
		{4A9E3600-2FEA-4B70-ABFD-16416DB3CC8A}.Debug|x86.ActiveCfg = Debug|Win32
		{4A9E3600-2FEA-4B70-ABFD-16416DB3CC8A}.Debug|x86.Build.0 = Debug|Win32
		{4A9E3600-2FEA-4B70-ABFD-16416DB3CC8A}.Release|x64.ActiveCfg = Release|x64
		{4A9E3600-2FEA-4B70-ABFD-16416DB3CC8A}.Release|x64.Build.0 = Release|x64
		{4A9E3600-2FEA-4B70-ABFD-16416DB3CC8A}.Release|x86.ActiveCfg = Release|Win32
		{4A9E3600-2FEA-4B70-ABFD-16416DB3CC8A}.Release|x86.Build.0 = Release|Win32
	EndGlobalSection
	GlobalSection(SolutionProperties) = preSolution
		HideSolutionNode = FALSE
	EndGlobalSection
	GlobalSection(ExtensibilityGlobals) = postSolution
		SolutionGuid = {C9085207-1368-4CBC-BFCB-F9B727E3A99E}
	EndGlobalSection
EndGlobal
